{
  "version": 4,
  "terraform_version": "1.9.5",
  "serial": 7,
  "lineage": "6f2a2e6e-6b3b-4d3a-9f2a-1a2b3c4d5e6f",
  "outputs": {},
  "resources": [
    {
      "mode": "managed",
      "type": "aws_db_instance",
      "name": "primary",
      "provider": "provider[\"registry.terraform.io/hashicorp/aws\"]",
      "instances": [
        {
          "schema_version": 2,
          "attributes": {
            "id": "db-ABCDEFGHIJK",
            "identifier": "prod-db",
            "engine": "postgres",
            "username": "dbadmin",
            "password": "Sup3rSecretDBPass!42",
            "endpoint": "prod-db.abc123.us-east-1.rds.amazonaws.com:5432",
            "allocated_storage": 20,
            "manage_master_user_password": false
          }
        }
      ]
    },
    {
      "mode": "managed",
      "type": "aws_db_instance",
      "name": "managed_password",
      "provider": "provider[\"registry.terraform.io/hashicorp/aws\"]",
      "instances": [
        {
          "schema_version": 2,
          "attributes": {
            "id": "db-ZYXWVUTSR",
            "identifier": "prod-db-2",
            "engine": "postgres",
            "username": "dbadmin",
            "password": null,
            "manage_master_user_password": true
          }
        }
      ]
    },
    {
      "mode": "managed",
      "type": "random_password",
      "name": "app_secret",
      "provider": "provider[\"registry.terraform.io/hashicorp/random\"]",
      "instances": [
        {
          "schema_version": 3,
          "attributes": {
            "id": "none",
            "length": 24,
            "special": true,
            "result": "xK9$mP2vL7qR@nT4wZ8y"
          }
        }
      ]
    },
    {
      "mode": "managed",
      "type": "tls_private_key",
      "name": "ca",
      "provider": "provider[\"registry.terraform.io/hashicorp/tls\"]",
      "instances": [
        {
          "schema_version": 0,
          "attributes": {
            "algorithm": "RSA",
            "rsa_bits": 2048,
            "private_key_pem": "-----BEGIN RSA PRIVATE KEY-----\nMIIEowIBAAKCAQEAFAKEFAKEFAKEFAKEFAKEFAKEFAKEFAKEFAKEFAKEFAKEFAKE\n-----END RSA PRIVATE KEY-----\n",
            "public_key_pem": "-----BEGIN PUBLIC KEY-----\nMIIBIjANBgkqhkiG9w0BAQEFAAOCAQ8AFAKEFAKEFAKEFAKE\n-----END PUBLIC KEY-----\n"
          }
        }
      ]
    },
    {
      "mode": "managed",
      "type": "kubernetes_secret",
      "name": "app_creds",
      "provider": "provider[\"registry.terraform.io/hashicorp/kubernetes\"]",
      "instances": [
        {
          "schema_version": 0,
          "attributes": {
            "metadata": [{ "name": "app-creds", "namespace": "default" }],
            "type": "Opaque",
            "data": {
              "username": "svc-app",
              "password": "hunter2-but-real-looking"
            }
          }
        }
      ]
    },
    {
      "mode": "managed",
      "type": "aws_secretsmanager_secret_version",
      "name": "example",
      "provider": "provider[\"registry.terraform.io/hashicorp/aws\"]",
      "instances": [
        {
          "schema_version": 0,
          "attributes": {
            "secret_id": "arn:aws:secretsmanager:us-east-1:123456789012:secret:example-AbCdEf",
            "secret_string": "prod-api-key-9f8e7d6c5b"
          }
        }
      ]
    },
    {
      "mode": "managed",
      "type": "some_saas_provider_user",
      "name": "svc",
      "provider": "provider[\"registry.terraform.io/example/somesaasprovider\"]",
      "instances": [
        {
          "schema_version": 0,
          "attributes": {
            "id": "u-1",
            "username": "svc-bot",
            "api_token": "tok_live_9f8e7d6c5b4a3c2d1e"
          }
        }
      ]
    },
    {
      "mode": "managed",
      "type": "aws_instance",
      "name": "web",
      "provider": "provider[\"registry.terraform.io/hashicorp/aws\"]",
      "instances": [
        {
          "schema_version": 1,
          "attributes": {
            "id": "i-0123456789abcdef0",
            "ami": "ami-0abcdef1234567890",
            "instance_type": "t3.micro",
            "tags": { "Name": "web-1", "Environment": "prod" },
            "description": "rotate the database password every 90 days"
          }
        }
      ]
    },
    {
      "mode": "managed",
      "type": "random_id",
      "name": "suffix",
      "provider": "provider[\"registry.terraform.io/hashicorp/random\"]",
      "instances": [
        {
          "schema_version": 0,
          "attributes": { "hex": "a1b2c3d4", "byte_length": 4 }
        }
      ]
    }
  ]
}
